
Microsoft Visual Studio Solution File, Format Version 12.00
# Visual Studio Version 17
VisualStudioVersion = 17.10.35122.118
MinimumVisualStudioVersion = 10.0.40219.1
Project("{FAE04EC0-301F-11D3-BF4B-00C04F79EFBC}") = "PokemonUniteBuildTracker", "PokemonUniteBuildTracker\PokemonUniteBuildTracker.csproj", "{C0754B23-13C2-4304-90CB-F336CAE55359}"
EndProject
Global
	GlobalSection(SolutionConfigurationPlatforms) = preSolution
		Debug|Any CPU = Debug|Any CPU
		Release|Any CPU = Release|Any CPU
	EndGlobalSection
	GlobalSection(ProjectConfigurationPlatforms) = postSolution
		{C0754B23-13C2-4304-90CB-F336CAE55359}.Debug|Any CPU.ActiveCfg = Debug|Any CPU
		{C0754B23-13C2-4304-90CB-F336CAE55359}.Debug|Any CPU.Build.0 = Debug|Any CPU
		{C0754B23-13C2-4304-90CB-F336CAE55359}.Release|Any CPU.ActiveCfg = Release|Any CPU
		{C0754B23-13C2-4304-90CB-F336CAE55359}.Release|Any CPU.Build.0 = Release|Any CPU
	EndGlobalSection
	GlobalSection(SolutionProperties) = preSolution
		HideSolutionNode = FALSE
	EndGlobalSection
	GlobalSection(ExtensibilityGlobals) = postSolution
		SolutionGuid = {3DCCC29E-FA98-47C1-BAED-03FAB4DE5325}
	EndGlobalSection
EndGlobal
